# THIS IS AN AUTOGENERATED FILE. DO NOT EDIT THIS FILE DIRECTLY.
# yarn lockfile v1


"heroicons@^1.0.4":
  "integrity" "sha512-dn1OvwZruCNEmNDr+TRvG5MejL9kW4VtVQO2Y1yfp7rz0+yWqpkjwwFRTQ8VHBF26oNMMUofQYA+Jl363Y7JdA=="
  "resolved" "https://registry.npmjs.org/heroicons/-/heroicons-1.0.4.tgz"
  "version" "1.0.4"
